
Microsoft Visual Studio Solution File, Format Version 12.00
# Visual Studio Version 17
VisualStudioVersion = 17.6.33815.320
MinimumVisualStudioVersion = 10.0.40219.1
Project("{9A19103F-16F7-4668-BE54-9A1E7A4F7556}") = "CamOn-FE", "CamOn-FE\CamOn-FE.csproj", "{468CF018-BC75-42F0-BAA9-5EE7BCF954E7}"
EndProject
Project("{9A19103F-16F7-4668-BE54-9A1E7A4F7556}") = "BusinessObjects", "BusinessObjects\BusinessObjects.csproj", "{82F829FD-1F31-4B87-81CB-514B46CBE1F2}"
EndProject
Global
	GlobalSection(SolutionConfigurationPlatforms) = preSolution
		Debug|Any CPU = Debug|Any CPU
		Release|Any CPU = Release|Any CPU
	EndGlobalSection
	GlobalSection(ProjectConfigurationPlatforms) = postSolution
		{468CF018-BC75-42F0-BAA9-5EE7BCF954E7}.Debug|Any CPU.ActiveCfg = Debug|Any CPU
		{468CF018-BC75-42F0-BAA9-5EE7BCF954E7}.Debug|Any CPU.Build.0 = Debug|Any CPU
		{468CF018-BC75-42F0-BAA9-5EE7BCF954E7}.Release|Any CPU.ActiveCfg = Release|Any CPU
		{468CF018-BC75-42F0-BAA9-5EE7BCF954E7}.Release|Any CPU.Build.0 = Release|Any CPU
		{82F829FD-1F31-4B87-81CB-514B46CBE1F2}.Debug|Any CPU.ActiveCfg = Debug|Any CPU
		{82F829FD-1F31-4B87-81CB-514B46CBE1F2}.Debug|Any CPU.Build.0 = Debug|Any CPU
		{82F829FD-1F31-4B87-81CB-514B46CBE1F2}.Release|Any CPU.ActiveCfg = Release|Any CPU
		{82F829FD-1F31-4B87-81CB-514B46CBE1F2}.Release|Any CPU.Build.0 = Release|Any CPU
	EndGlobalSection
	GlobalSection(SolutionProperties) = preSolution
		HideSolutionNode = FALSE
	EndGlobalSection
	GlobalSection(ExtensibilityGlobals) = postSolution
		SolutionGuid = {75EE513C-7052-4F21-A682-2D3E9D5D520A}
	EndGlobalSection
EndGlobal
